
Microsoft Visual Studio Solution File, Format Version 12.00
# Visual Studio Express 2012 for Web
Project("{E24C65DC-7377-472B-9ABA-BC803B73C61A}") = "App-Data", ".", "{71E8E5F2-540D-4064-909B-E561EA6750A2}"
	ProjectSection(WebsiteProperties) = preProject
		TargetFrameworkMoniker = ".NETFramework,Version%3Dv4.0"
		Debug.AspNetCompiler.VirtualPath = "/App-Data"
		Debug.AspNetCompiler.PhysicalPath = "..\App-Data\"
		Debug.AspNetCompiler.TargetPath = "PrecompiledWeb\App-Data\"
		Debug.AspNetCompiler.Updateable = "true"
		Debug.AspNetCompiler.ForceOverwrite = "true"
		Debug.AspNetCompiler.FixedNames = "false"
		Debug.AspNetCompiler.Debug = "True"
		Release.AspNetCompiler.VirtualPath = "/App-Data"
		Release.AspNetCompiler.PhysicalPath = "..\App-Data\"
		Release.AspNetCompiler.TargetPath = "PrecompiledWeb\App-Data\"
		Release.AspNetCompiler.Updateable = "true"
		Release.AspNetCompiler.ForceOverwrite = "true"
		Release.AspNetCompiler.FixedNames = "false"
		Release.AspNetCompiler.Debug = "False"
		VWDPort = "49979"
	EndProjectSection
EndProject
Global
	GlobalSection(SolutionConfigurationPlatforms) = preSolution
		Debug|Any CPU = Debug|Any CPU
	EndGlobalSection
	GlobalSection(ProjectConfigurationPlatforms) = postSolution
		{71E8E5F2-540D-4064-909B-E561EA6750A2}.Debug|Any CPU.ActiveCfg = Debug|Any CPU
		{71E8E5F2-540D-4064-909B-E561EA6750A2}.Debug|Any CPU.Build.0 = Debug|Any CPU
	EndGlobalSection
	GlobalSection(SolutionProperties) = preSolution
		HideSolutionNode = FALSE
	EndGlobalSection
EndGlobal
